// !$*UTF8*$!
{
	archiveVersion = 1;
	classes = {
	};
	objectVersion = 46;
	objects = {

/* Begin PBXBuildFile section */
		2A5DDDC11A6807BF00E370FD /* AppDelegate.swift in Sources */ = {isa = PBXBuildFile; fileRef = 2A5DDDC01A6807BF00E370FD /* AppDelegate.swift */; };
		2A5DDDC31A6807BF00E370FD /* ViewController.swift in Sources */ = {isa = PBXBuildFile; fileRef = 2A5DDDC21A6807BF00E370FD /* ViewController.swift */; };
		2A5DDDC61A6807BF00E370FD /* Main.storyboard in Resources */ = {isa = PBXBuildFile; fileRef = 2A5DDDC41A6807BF00E370FD /* Main.storyboard */; };
		2A5DDDC81A6807BF00E370FD /* Images.xcassets in Resources */ = {isa = PBXBuildFile; fileRef = 2A5DDDC71A6807BF00E370FD /* Images.xcassets */; };
		2A5DDDCB1A6807BF00E370FD /* LaunchScreen.xib in Resources */ = {isa = PBXBuildFile; fileRef = 2A5DDDC91A6807BF00E370FD /* LaunchScreen.xib */; };
		2A5DDDD71A6807BF00E370FD /* Tip_CalculatorTests.swift in Sources */ = {isa = PBXBuildFile; fileRef = 2A5DDDD61A6807BF00E370FD /* Tip_CalculatorTests.swift */; };
/* End PBXBuildFile section */

/* Begin PBXContainerItemProxy section */
		2A5DDDD11A6807BF00E370FD /* PBXContainerItemProxy */ = {
			isa = PBXContainerItemProxy;
			containerPortal = 2A5DDDB31A6807BE00E370FD /* Project object */;
			proxyType = 1;
			remoteGlobalIDString = 2A5DDDBA1A6807BF00E370FD;
			remoteInfo = "Tip Calculator";
		};
/* End PBXContainerItemProxy section */

/* Begin PBXFileReference section */
		2A5DDDBB1A6807BF00E370FD /* Tip Calculator.app */ = {isa = PBXFileReference; explicitFileType = wrapper.application; includeInIndex = 0; path = "Tip Calculator.app"; sourceTree = BUILT_PRODUCTS_DIR; };
		2A5DDDBF1A6807BF00E370FD /* Info.plist */ = {isa = PBXFileReference; lastKnownFileType = text.plist.xml; path = Info.plist; sourceTree = "<group>"; };
		2A5DDDC01A6807BF00E370FD /* AppDelegate.swift */ = {isa = PBXFileReference; lastKnownFileType = sourcecode.swift; path = AppDelegate.swift; sourceTree = "<group>"; };
		2A5DDDC21A6807BF00E370FD /* ViewController.swift */ = {isa = PBXFileReference; lastKnownFileType = sourcecode.swift; path = ViewController.swift; sourceTree = "<group>"; };
		2A5DDDC51A6807BF00E370FD /* Base */ = {isa = PBXFileReference; lastKnownFileType = file.storyboard; name = Base; path = Base.lproj/Main.storyboard; sourceTree = "<group>"; };
		2A5DDDC71A6807BF00E370FD /* Images.xcassets */ = {isa = PBXFileReference; lastKnownFileType = folder.assetcatalog; path = Images.xcassets; sourceTree = "<group>"; };
		2A5DDDCA1A6807BF00E370FD /* Base */ = {isa = PBXFileReference; lastKnownFileType = file.xib; name = Base; path = Base.lproj/LaunchScreen.xib; sourceTree = "<group>"; };
		2A5DDDD01A6807BF00E370FD /* Tip CalculatorTests.xctest */ = {isa = PBXFileReference; explicitFileType = wrapper.cfbundle; includeInIndex = 0; path = "Tip CalculatorTests.xctest"; sourceTree = BUILT_PRODUCTS_DIR; };
		2A5DDDD51A6807BF00E370FD /* Info.plist */ = {isa = PBXFileReference; lastKnownFileType = text.plist.xml; path = Info.plist; sourceTree = "<group>"; };
		2A5DDDD61A6807BF00E370FD /* Tip_CalculatorTests.swift */ = {isa = PBXFileReference; lastKnownFileType = sourcecode.swift; path = Tip_CalculatorTests.swift; sourceTree = "<group>"; };
/* End PBXFileReference section */

/* Begin PBXFrameworksBuildPhase section */
		2A5DDDB81A6807BF00E370FD /* Frameworks */ = {
			isa = PBXFrameworksBuildPhase;
			buildActionMask = 2147483647;
			files = (
			);
			runOnlyForDeploymentPostprocessing = 0;
		};
		2A5DDDCD1A6807BF00E370FD /* Frameworks */ = {
			isa = PBXFrameworksBuildPhase;
			buildActionMask = 2147483647;
			files = (
			);
			runOnlyForDeploymentPostprocessing = 0;
		};
/* End PBXFrameworksBuildPhase section */

/* Begin PBXGroup section */
		2A5DDDB21A6807BE00E370FD = {
			isa = PBXGroup;
			children = (
				2A5DDDBD1A6807BF00E370FD /* Tip Calculator */,
				2A5DDDD31A6807BF00E370FD /* Tip CalculatorTests */,
				2A5DDDBC1A6807BF00E370FD /* Products */,
			);
			sourceTree = "<group>";
		};
		2A5DDDBC1A6807BF00E370FD /* Products */ = {
			isa = PBXGroup;
			children = (
				2A5DDDBB1A6807BF00E370FD /* Tip Calculator.app */,
				2A5DDDD01A6807BF00E370FD /* Tip CalculatorTests.xctest */,
			);
			name = Products;
			sourceTree = "<group>";
		};
		2A5DDDBD1A6807BF00E370FD /* Tip Calculator */ = {
			isa = PBXGroup;
			children = (
				2A5DDDC01A6807BF00E370FD /* AppDelegate.swift */,
				2A5DDDC21A6807BF00E370FD /* ViewController.swift */,
				2A5DDDC41A6807BF00E370FD /* Main.storyboard */,
				2A5DDDC71A6807BF00E370FD /* Images.xcassets */,
				2A5DDDC91A6807BF00E370FD /* LaunchScreen.xib */,
				2A5DDDBE1A6807BF00E370FD /* Supporting Files */,
			);
			path = "Tip Calculator";
			sourceTree = "<group>";
		};
		2A5DDDBE1A6807BF00E370FD /* Supporting Files */ = {
			isa = PBXGroup;
			children = (
				2A5DDDBF1A6807BF00E370FD /* Info.plist */,
			);
			name = "Supporting Files";
			sourceTree = "<group>";
		};
		2A5DDDD31A6807BF00E370FD /* Tip CalculatorTests */ = {
			isa = PBXGroup;
			children = (
				2A5DDDD61A6807BF00E370FD /* Tip_CalculatorTests.swift */,
				2A5DDDD41A6807BF00E370FD /* Supporting Files */,
			);
			path = "Tip CalculatorTests";
			sourceTree = "<group>";
		};
		2A5DDDD41A6807BF00E370FD /* Supporting Files */ = {
			isa = PBXGroup;
			children = (
				2A5DDDD51A6807BF00E370FD /* Info.plist */,
			);
			name = "Supporting Files";
			sourceTree = "<group>";
		};
/* End PBXGroup section */

/* Begin PBXNativeTarget section */
		2A5DDDBA1A6807BF00E370FD /* Tip Calculator */ = {
			isa = PBXNativeTarget;
			buildConfigurationList = 2A5DDDDA1A6807BF00E370FD /* Build configuration list for PBXNativeTarget "Tip Calculator" */;
			buildPhases = (
				2A5DDDB71A6807BF00E370FD /* Sources */,
				2A5DDDB81A6807BF00E370FD /* Frameworks */,
				2A5DDDB91A6807BF00E370FD /* Resources */,
			);
			buildRules = (
			);
			dependencies = (
			);
			name = "Tip Calculator";
			productName = "Tip Calculator";
			productReference = 2A5DDDBB1A6807BF00E370FD /* Tip Calculator.app */;
			productType = "com.apple.product-type.application";
		};
		2A5DDDCF1A6807BF00E370FD /* Tip CalculatorTests */ = {
			isa = PBXNativeTarget;
			buildConfigurationList = 2A5DDDDD1A6807BF00E370FD /* Build configuration list for PBXNativeTarget "Tip CalculatorTests" */;
			buildPhases = (
				2A5DDDCC1A6807BF00E370FD /* Sources */,
				2A5DDDCD1A6807BF00E370FD /* Frameworks */,
				2A5DDDCE1A6807BF00E370FD /* Resources */,
			);
			buildRules = (
			);
			dependencies = (
				2A5DDDD21A6807BF00E370FD /* PBXTargetDependency */,
			);
			name = "Tip CalculatorTests";
			productName = "Tip CalculatorTests";
			productReference = 2A5DDDD01A6807BF00E370FD /* Tip CalculatorTests.xctest */;
			productType = "com.apple.product-type.bundle.unit-test";
		};
/* End PBXNativeTarget section */

/* Begin PBXProject section */
		2A5DDDB31A6807BE00E370FD /* Project object */ = {
			isa = PBXProject;
			attributes = {
				LastUpgradeCheck = 0610;
				ORGANIZATIONNAME = lily;
				TargetAttributes = {
					2A5DDDBA1A6807BF00E370FD = {
						CreatedOnToolsVersion = 6.1.1;
					};
					2A5DDDCF1A6807BF00E370FD = {
						CreatedOnToolsVersion = 6.1.1;
						TestTargetID = 2A5DDDBA1A6807BF00E370FD;
					};
				};
			};
			buildConfigurationList = 2A5DDDB61A6807BE00E370FD /* Build configuration list for PBXProject "Tip Calculator" */;
			compatibilityVersion = "Xcode 3.2";
			developmentRegion = English;
			hasScannedForEncodings = 0;
			knownRegions = (
				en,
				Base,
			);
			mainGroup = 2A5DDDB21A6807BE00E370FD;
			productRefGroup = 2A5DDDBC1A6807BF00E370FD /* Products */;
			projectDirPath = "";
			projectRoot = "";
			targets = (
				2A5DDDBA1A6807BF00E370FD /* Tip Calculator */,
				2A5DDDCF1A6807BF00E370FD /* Tip CalculatorTests */,
			);
		};
/* End PBXProject section */

/* Begin PBXResourcesBuildPhase section */
		2A5DDDB91A6807BF00E370FD /* Resources */ = {
			isa = PBXResourcesBuildPhase;
			buildActionMask = 2147483647;
			files = (
				2A5DDDC61A6807BF00E370FD /* Main.storyboard in Resources */,
				2A5DDDCB1A6807BF00E370FD /* LaunchScreen.xib in Resources */,
				2A5DDDC81A6807BF00E370FD /* Images.xcassets in Resources */,
			);
			runOnlyForDeploymentPostprocessing = 0;
		};
		2A5DDDCE1A6807BF00E370FD /* Resources */ = {
			isa = PBXResourcesBuildPhase;
			buildActionMask = 2147483647;
			files = (
			);
			runOnlyForDeploymentPostprocessing = 0;
		};
/* End PBXResourcesBuildPhase section */

/* Begin PBXSourcesBuildPhase section */
		2A5DDDB71A6807BF00E370FD /* Sources */ = {
			isa = PBXSourcesBuildPhase;
			buildActionMask = 2147483647;
			files = (
				2A5DDDC31A6807BF00E370FD /* ViewController.swift in Sources */,
				2A5DDDC11A6807BF00E370FD /* AppDelegate.swift in Sources */,
			);
			runOnlyForDeploymentPostprocessing = 0;
		};
		2A5DDDCC1A6807BF00E370FD /* Sources */ = {
			isa = PBXSourcesBuildPhase;
			buildActionMask = 2147483647;
			files = (
				2A5DDDD71A6807BF00E370FD /* Tip_CalculatorTests.swift in Sources */,
			);
			runOnlyForDeploymentPostprocessing = 0;
		};
/* End PBXSourcesBuildPhase section */

/* Begin PBXTargetDependency section */
		2A5DDDD21A6807BF00E370FD /* PBXTargetDependency */ = {
			isa = PBXTargetDependency;
			target = 2A5DDDBA1A6807BF00E370FD /* Tip Calculator */;
			targetProxy = 2A5DDDD11A6807BF00E370FD /* PBXContainerItemProxy */;
		};
/* End PBXTargetDependency section */

/* Begin PBXVariantGroup section */
		2A5DDDC41A6807BF00E370FD /* Main.storyboard */ = {
			isa = PBXVariantGroup;
			children = (
				2A5DDDC51A6807BF00E370FD /* Base */,
			);
			name = Main.storyboard;
			sourceTree = "<group>";
		};
		2A5DDDC91A6807BF00E370FD /* LaunchScreen.xib */ = {
			isa = PBXVariantGroup;
			children = (
				2A5DDDCA1A6807BF00E370FD /* Base */,
			);
			name = LaunchScreen.xib;
			sourceTree = "<group>";
		};
/* End PBXVariantGroup section */

/* Begin XCBuildConfiguration section */
		2A5DDDD81A6807BF00E370FD /* Debug */ = {
			isa = XCBuildConfiguration;
			buildSettings = {
				ALWAYS_SEARCH_USER_PATHS = NO;
				CLANG_CXX_LANGUAGE_STANDARD = "gnu++0x";
				CLANG_CXX_LIBRARY = "libc++";
				CLANG_ENABLE_MODULES = YES;
				CLANG_ENABLE_OBJC_ARC = YES;
				CLANG_WARN_BOOL_CONVERSION = YES;
				CLANG_WARN_CONSTANT_CONVERSION = YES;
				CLANG_WARN_DIRECT_OBJC_ISA_USAGE = YES_ERROR;
				CLANG_WARN_EMPTY_BODY = YES;
				CLANG_WARN_ENUM_CONVERSION = YES;
				CLANG_WARN_INT_CONVERSION = YES;
				CLANG_WARN_OBJC_ROOT_CLASS = YES_ERROR;
				CLANG_WARN_UNREACHABLE_CODE = YES;
				CLANG_WARN__DUPLICATE_METHOD_MATCH = YES;
				"CODE_SIGN_IDENTITY[sdk=iphoneos*]" = "iPhone Developer";
				COPY_PHASE_STRIP = NO;
				ENABLE_STRICT_OBJC_MSGSEND = YES;
				GCC_C_LANGUAGE_STANDARD = gnu99;
				GCC_DYNAMIC_NO_PIC = NO;
				GCC_OPTIMIZATION_LEVEL = 0;
				GCC_PREPROCESSOR_DEFINITIONS = (
					"DEBUG=1",
					"$(inherited)",
				);
				GCC_SYMBOLS_PRIVATE_EXTERN = NO;
				GCC_WARN_64_TO_32_BIT_CONVERSION = YES;
				GCC_WARN_ABOUT_RETURN_TYPE = YES_ERROR;
				GCC_WARN_UNDECLARED_SELECTOR = YES;
				GCC_WARN_UNINITIALIZED_AUTOS = YES_AGGRESSIVE;
				GCC_WARN_UNUSED_FUNCTION = YES;
				GCC_WARN_UNUSED_VARIABLE = YES;
				IPHONEOS_DEPLOYMENT_TARGET = 8.1;
				MTL_ENABLE_DEBUG_INFO = YES;
				ONLY_ACTIVE_ARCH = YES;
				SDKROOT = iphoneos;
				SWIFT_OPTIMIZATION_LEVEL = "-Onone";
			};
			name = Debug;
		};
		2A5DDDD91A6807BF00E370FD /* Release */ = {
			isa = XCBuildConfiguration;
			buildSettings = {
				ALWAYS_SEARCH_USER_PATHS = NO;
				CLANG_CXX_LANGUAGE_STANDARD = "gnu++0x";
				CLANG_CXX_LIBRARY = "libc++";
				CLANG_ENABLE_MODULES = YES;
				CLANG_ENABLE_OBJC_ARC = YES;
				CLANG_WARN_BOOL_CONVERSION = YES;
				CLANG_WARN_CONSTANT_CONVERSION = YES;
				CLANG_WARN_DIRECT_OBJC_ISA_USAGE = YES_ERROR;
				CLANG_WARN_EMPTY_BODY = YES;
				CLANG_WARN_ENUM_CONVERSION = YES;
				CLANG_WARN_INT_CONVERSION = YES;
				CLANG_WARN_OBJC_ROOT_CLASS = YES_ERROR;
				CLANG_WARN_UNREACHABLE_CODE = YES;
				CLANG_WARN__DUPLICATE_METHOD_MATCH = YES;
				"CODE_SIGN_IDENTITY[sdk=iphoneos*]" = "iPhone Developer";
				COPY_PHASE_STRIP = YES;
				ENABLE_NS_ASSERTIONS = NO;
				ENABLE_STRICT_OBJC_MSGSEND = YES;
				GCC_C_LANGUAGE_STANDARD = gnu99;
				GCC_WARN_64_TO_32_BIT_CONVERSION = YES;
				GCC_WARN_ABOUT_RETURN_TYPE = YES_ERROR;
				GCC_WARN_UNDECLARED_SELECTOR = YES;
				GCC_WARN_UNINITIALIZED_AUTOS = YES_AGGRESSIVE;
				GCC_WARN_UNUSED_FUNCTION = YES;
				GCC_WARN_UNUSED_VARIABLE = YES;
				IPHONEOS_DEPLOYMENT_TARGET = 8.1;
				MTL_ENABLE_DEBUG_INFO = NO;
				SDKROOT = iphoneos;
				VALIDATE_PRODUCT = YES;
			};
			name = Release;
		};
		2A5DDDDB1A6807BF00E370FD /* Debug */ = {
			isa = XCBuildConfiguration;
			buildSettings = {
				ASSETCATALOG_COMPILER_APPICON_NAME = AppIcon;
				INFOPLIST_FILE = "Tip Calculator/Info.plist";
				LD_RUNPATH_SEARCH_PATHS = "$(inherited) @executable_path/Frameworks";
				PRODUCT_NAME = "$(TARGET_NAME)";
			};
			name = Debug;
		};
		2A5DDDDC1A6807BF00E370FD /* Release */ = {
			isa = XCBuildConfiguration;
			buildSettings = {
				ASSETCATALOG_COMPILER_APPICON_NAME = AppIcon;
				INFOPLIST_FILE = "Tip Calculator/Info.plist";
				LD_RUNPATH_SEARCH_PATHS = "$(inherited) @executable_path/Frameworks";
				PRODUCT_NAME = "$(TARGET_NAME)";
			};
			name = Release;
		};
		2A5DDDDE1A6807BF00E370FD /* Debug */ = {
			isa = XCBuildConfiguration;
			buildSettings = {
				BUNDLE_LOADER = "$(TEST_HOST)";
				FRAMEWORK_SEARCH_PATHS = (
					"$(SDKROOT)/Developer/Library/Frameworks",
					"$(inherited)",
				);
				GCC_PREPROCESSOR_DEFINITIONS = (
					"DEBUG=1",
					"$(inherited)",
				);
				INFOPLIST_FILE = "Tip CalculatorTests/Info.plist";
				LD_RUNPATH_SEARCH_PATHS = "$(inherited) @executable_path/Frameworks @loader_path/Frameworks";
				PRODUCT_NAME = "$(TARGET_NAME)";
				TEST_HOST = "$(BUILT_PRODUCTS_DIR)/Tip Calculator.app/Tip Calculator";
			};
			name = Debug;
		};
		2A5DDDDF1A6807BF00E370FD /* Release */ = {
			isa = XCBuildConfiguration;
			buildSettings = {
				BUNDLE_LOADER = "$(TEST_HOST)";
				FRAMEWORK_SEARCH_PATHS = (
					"$(SDKROOT)/Developer/Library/Frameworks",
					"$(inherited)",
				);
				INFOPLIST_FILE = "Tip CalculatorTests/Info.plist";
				LD_RUNPATH_SEARCH_PATHS = "$(inherited) @executable_path/Frameworks @loader_path/Frameworks";
				PRODUCT_NAME = "$(TARGET_NAME)";
				TEST_HOST = "$(BUILT_PRODUCTS_DIR)/Tip Calculator.app/Tip Calculator";
			};
			name = Release;
		};
/* End XCBuildConfiguration section */

/* Begin XCConfigurationList section */
		2A5DDDB61A6807BE00E370FD /* Build configuration list for PBXProject "Tip Calculator" */ = {
			isa = XCConfigurationList;
			buildConfigurations = (
				2A5DDDD81A6807BF00E370FD /* Debug */,
				2A5DDDD91A6807BF00E370FD /* Release */,
			);
			defaultConfigurationIsVisible = 0;
			defaultConfigurationName = Release;
		};
		2A5DDDDA1A6807BF00E370FD /* Build configuration list for PBXNativeTarget "Tip Calculator" */ = {
			isa = XCConfigurationList;
			buildConfigurations = (
				2A5DDDDB1A6807BF00E370FD /* Debug */,
				2A5DDDDC1A6807BF00E370FD /* Release */,
			);
			defaultConfigurationIsVisible = 0;
			defaultConfigurationName = Release;
		};
		2A5DDDDD1A6807BF00E370FD /* Build configuration list for PBXNativeTarget "Tip CalculatorTests" */ = {
			isa = XCConfigurationList;
			buildConfigurations = (
				2A5DDDDE1A6807BF00E370FD /* Debug */,
				2A5DDDDF1A6807BF00E370FD /* Release */,
			);
			defaultConfigurationIsVisible = 0;
			defaultConfigurationName = Release;
		};
/* End XCConfigurationList section */
	};
	rootObject = 2A5DDDB31A6807BE00E370FD /* Project object */;
}
